
Microsoft Visual Studio Solution File, Format Version 12.00
# Visual Studio Version 17
VisualStudioVersion = 17.5.33530.505
MinimumVisualStudioVersion = 10.0.40219.1
Project("{FAE04EC0-301F-11D3-BF4B-00C04F79EFBC}") = "SistemaEstudiantilWF", "SistemaEstudiantilWF\SistemaEstudiantilWF.csproj", "{E78D0B6C-4678-4FC9-9D30-B8556F33B72E}"
EndProject
Global
	GlobalSection(SolutionConfigurationPlatforms) = preSolution
		Debug|Any CPU = Debug|Any CPU
		Release|Any CPU = Release|Any CPU
	EndGlobalSection
	GlobalSection(ProjectConfigurationPlatforms) = postSolution
		{E78D0B6C-4678-4FC9-9D30-B8556F33B72E}.Debug|Any CPU.ActiveCfg = Debug|Any CPU
		{E78D0B6C-4678-4FC9-9D30-B8556F33B72E}.Debug|Any CPU.Build.0 = Debug|Any CPU
		{E78D0B6C-4678-4FC9-9D30-B8556F33B72E}.Release|Any CPU.ActiveCfg = Release|Any CPU
		{E78D0B6C-4678-4FC9-9D30-B8556F33B72E}.Release|Any CPU.Build.0 = Release|Any CPU
	EndGlobalSection
	GlobalSection(SolutionProperties) = preSolution
		HideSolutionNode = FALSE
	EndGlobalSection
	GlobalSection(ExtensibilityGlobals) = postSolution
		SolutionGuid = {C07687A6-1F08-40CB-A657-FBE6F8B259F8}
	EndGlobalSection
EndGlobal
